{
  "originHash" : "0ed1a20ef167ff6bbd7e233d8316ce8089f144b9619fb921d55eb1b69ffdfd4c",
  "pins" : [
    {
      "identity" : "rive-ios",
      "kind" : "remoteSourceControl",
      "location" : "https://github.com/rive-app/rive-ios",
      "state" : {
        "revision" : "d8e40f654a4cd26bc8aee4a291ec7c8eb13fc8ce",
        "version" : "6.10.0"
      }
    }
  ],
  "version" : 3
}
