// !$*UTF8*$!
{
	archiveVersion = 1;
	classes = {
	};
	objectVersion = 77;
	objects = {

/* Begin PBXContainerItemProxy section */
		60409F822DD9BC9F0080B071 /* PBXContainerItemProxy */ = {
			isa = PBXContainerItemProxy;
			containerPortal = 60409F6C2DD9BC9C0080B071 /* Project object */;
			proxyType = 1;
			remoteGlobalIDString = 60409F732DD9BC9C0080B071;
			remoteInfo = yang;
		};
		60409F8C2DD9BC9F0080B071 /* PBXContainerItemProxy */ = {
			isa = PBXContainerItemProxy;
			containerPortal = 60409F6C2DD9BC9C0080B071 /* Project object */;
			proxyType = 1;
			remoteGlobalIDString = 60409F732DD9BC9C0080B071;
			remoteInfo = yang;
		};
/* End PBXContainerItemProxy section */

/* Begin PBXFileReference section */
		60409F742DD9BC9C0080B071 /* yang.app */ = {isa = PBXFileReference; explicitFileType = wrapper.application; includeInIndex = 0; path = yang.app; sourceTree = BUILT_PRODUCTS_DIR; };
		60409F812DD9BC9F0080B071 /* yangTests.xctest */ = {isa = PBXFileReference; explicitFileType = wrapper.cfbundle; includeInIndex = 0; path = yangTests.xctest; sourceTree = BUILT_PRODUCTS_DIR; };
		60409F8B2DD9BC9F0080B071 /* yangUITests.xctest */ = {isa = PBXFileReference; explicitFileType = wrapper.cfbundle; includeInIndex = 0; path = yangUITests.xctest; sourceTree = BUILT_PRODUCTS_DIR; };
/* End PBXFileReference section */

/* Begin PBXFileSystemSynchronizedBuildFileExceptionSet section */
		60C56E072DE358B800CDAE90 /* Exceptions for "yang" folder in "yang" target */ = {
			isa = PBXFileSystemSynchronizedBuildFileExceptionSet;
			membershipExceptions = (
				Info.plist,
			);
			target = 60409F732DD9BC9C0080B071 /* yang */;
		};
/* End PBXFileSystemSynchronizedBuildFileExceptionSet section */

/* Begin PBXFileSystemSynchronizedRootGroup section */
		60409F762DD9BC9C0080B071 /* yang */ = {
			isa = PBXFileSystemSynchronizedRootGroup;
			exceptions = (
				60C56E072DE358B800CDAE90 /* Exceptions for "yang" folder in "yang" target */,
			);
			path = yang;
			sourceTree = "<group>";
		};
		60409F842DD9BC9F0080B071 /* yangTests */ = {
			isa = PBXFileSystemSynchronizedRootGroup;
			path = yangTests;
			sourceTree = "<group>";
		};
		60409F8E2DD9BC9F0080B071 /* yangUITests */ = {
			isa = PBXFileSystemSynchronizedRootGroup;
			path = yangUITests;
			sourceTree = "<group>";
		};
/* End PBXFileSystemSynchronizedRootGroup section */

/* Begin PBXFrameworksBuildPhase section */
		60409F712DD9BC9C0080B071 /* Frameworks */ = {
			isa = PBXFrameworksBuildPhase;
			buildActionMask = 2147483647;
			files = (
			);
			runOnlyForDeploymentPostprocessing = 0;
		};
		60409F7E2DD9BC9F0080B071 /* Frameworks */ = {
			isa = PBXFrameworksBuildPhase;
			buildActionMask = 2147483647;
			files = (
			);
			runOnlyForDeploymentPostprocessing = 0;
		};
		60409F882DD9BC9F0080B071 /* Frameworks */ = {
			isa = PBXFrameworksBuildPhase;
			buildActionMask = 2147483647;
			files = (
			);
			runOnlyForDeploymentPostprocessing = 0;
		};
/* End PBXFrameworksBuildPhase section */

/* Begin PBXGroup section */
		60409F6B2DD9BC9C0080B071 = {
			isa = PBXGroup;
			children = (
				60409F762DD9BC9C0080B071 /* yang */,
				60409F842DD9BC9F0080B071 /* yangTests */,
				60409F8E2DD9BC9F0080B071 /* yangUITests */,
				60409F752DD9BC9C0080B071 /* Products */,
			);
			sourceTree = "<group>";
		};
		60409F752DD9BC9C0080B071 /* Products */ = {
			isa = PBXGroup;
			children = (
				60409F742DD9BC9C0080B071 /* yang.app */,
				60409F812DD9BC9F0080B071 /* yangTests.xctest */,
				60409F8B2DD9BC9F0080B071 /* yangUITests.xctest */,
			);
			name = Products;
			sourceTree = "<group>";
		};
/* End PBXGroup section */

/* Begin PBXNativeTarget section */
		60409F732DD9BC9C0080B071 /* yang */ = {
			isa = PBXNativeTarget;
			buildConfigurationList = 60409F952DD9BC9F0080B071 /* Build configuration list for PBXNativeTarget "yang" */;
			buildPhases = (
				60409F702DD9BC9C0080B071 /* Sources */,
				60409F712DD9BC9C0080B071 /* Frameworks */,
				60409F722DD9BC9C0080B071 /* Resources */,
			);
			buildRules = (
			);
			dependencies = (
			);
			fileSystemSynchronizedGroups = (
				60409F762DD9BC9C0080B071 /* yang */,
			);
			name = yang;
			packageProductDependencies = (
			);
			productName = yang;
			productReference = 60409F742DD9BC9C0080B071 /* yang.app */;
			productType = "com.apple.product-type.application";
		};
		60409F802DD9BC9F0080B071 /* yangTests */ = {
			isa = PBXNativeTarget;
			buildConfigurationList = 60409F982DD9BC9F0080B071 /* Build configuration list for PBXNativeTarget "yangTests" */;
			buildPhases = (
				60409F7D2DD9BC9F0080B071 /* Sources */,
				60409F7E2DD9BC9F0080B071 /* Frameworks */,
				60409F7F2DD9BC9F0080B071 /* Resources */,
			);
			buildRules = (
			);
			dependencies = (
				60409F832DD9BC9F0080B071 /* PBXTargetDependency */,
			);
			fileSystemSynchronizedGroups = (
				60409F842DD9BC9F0080B071 /* yangTests */,
			);
			name = yangTests;
			packageProductDependencies = (
			);
			productName = yangTests;
			productReference = 60409F812DD9BC9F0080B071 /* yangTests.xctest */;
			productType = "com.apple.product-type.bundle.unit-test";
		};
		60409F8A2DD9BC9F0080B071 /* yangUITests */ = {
			isa = PBXNativeTarget;
			buildConfigurationList = 60409F9B2DD9BC9F0080B071 /* Build configuration list for PBXNativeTarget "yangUITests" */;
			buildPhases = (
				60409F872DD9BC9F0080B071 /* Sources */,
				60409F882DD9BC9F0080B071 /* Frameworks */,
				60409F892DD9BC9F0080B071 /* Resources */,
			);
			buildRules = (
			);
			dependencies = (
				60409F8D2DD9BC9F0080B071 /* PBXTargetDependency */,
			);
			fileSystemSynchronizedGroups = (
				60409F8E2DD9BC9F0080B071 /* yangUITests */,
			);
			name = yangUITests;
			packageProductDependencies = (
			);
			productName = yangUITests;
			productReference = 60409F8B2DD9BC9F0080B071 /* yangUITests.xctest */;
			productType = "com.apple.product-type.bundle.ui-testing";
		};
/* End PBXNativeTarget section */

/* Begin PBXProject section */
		60409F6C2DD9BC9C0080B071 /* Project object */ = {
			isa = PBXProject;
			attributes = {
				BuildIndependentTargetsInParallel = 1;
				LastSwiftUpdateCheck = 1630;
				LastUpgradeCheck = 1630;
				TargetAttributes = {
					60409F732DD9BC9C0080B071 = {
						CreatedOnToolsVersion = 16.3;
					};
					60409F802DD9BC9F0080B071 = {
						CreatedOnToolsVersion = 16.3;
						TestTargetID = 60409F732DD9BC9C0080B071;
					};
					60409F8A2DD9BC9F0080B071 = {
						CreatedOnToolsVersion = 16.3;
						TestTargetID = 60409F732DD9BC9C0080B071;
					};
				};
			};
			buildConfigurationList = 60409F6F2DD9BC9C0080B071 /* Build configuration list for PBXProject "yang" */;
			developmentRegion = en;
			hasScannedForEncodings = 0;
			knownRegions = (
				en,
				Base,
			);
			mainGroup = 60409F6B2DD9BC9C0080B071;
			minimizedProjectReferenceProxies = 1;
			preferredProjectObjectVersion = 77;
			productRefGroup = 60409F752DD9BC9C0080B071 /* Products */;
			projectDirPath = "";
			projectRoot = "";
			targets = (
				60409F732DD9BC9C0080B071 /* yang */,
				60409F802DD9BC9F0080B071 /* yangTests */,
				60409F8A2DD9BC9F0080B071 /* yangUITests */,
			);
		};
/* End PBXProject section */

/* Begin PBXResourcesBuildPhase section */
		60409F722DD9BC9C0080B071 /* Resources */ = {
			isa = PBXResourcesBuildPhase;
			buildActionMask = 2147483647;
			files = (
			);
			runOnlyForDeploymentPostprocessing = 0;
		};
		60409F7F2DD9BC9F0080B071 /* Resources */ = {
			isa = PBXResourcesBuildPhase;
			buildActionMask = 2147483647;
			files = (
			);
			runOnlyForDeploymentPostprocessing = 0;
		};
		60409F892DD9BC9F0080B071 /* Resources */ = {
			isa = PBXResourcesBuildPhase;
			buildActionMask = 2147483647;
			files = (
			);
			runOnlyForDeploymentPostprocessing = 0;
		};
/* End PBXResourcesBuildPhase section */

/* Begin PBXSourcesBuildPhase section */
		60409F702DD9BC9C0080B071 /* Sources */ = {
			isa = PBXSourcesBuildPhase;
			buildActionMask = 2147483647;
			files = (
			);
			runOnlyForDeploymentPostprocessing = 0;
		};
		60409F7D2DD9BC9F0080B071 /* Sources */ = {
			isa = PBXSourcesBuildPhase;
			buildActionMask = 2147483647;
			files = (
			);
			runOnlyForDeploymentPostprocessing = 0;
		};
		60409F872DD9BC9F0080B071 /* Sources */ = {
			isa = PBXSourcesBuildPhase;
			buildActionMask = 2147483647;
			files = (
			);
			runOnlyForDeploymentPostprocessing = 0;
		};
/* End PBXSourcesBuildPhase section */

/* Begin PBXTargetDependency section */
		60409F832DD9BC9F0080B071 /* PBXTargetDependency */ = {
			isa = PBXTargetDependency;
			target = 60409F732DD9BC9C0080B071 /* yang */;
			targetProxy = 60409F822DD9BC9F0080B071 /* PBXContainerItemProxy */;
		};
		60409F8D2DD9BC9F0080B071 /* PBXTargetDependency */ = {
			isa = PBXTargetDependency;
			target = 60409F732DD9BC9C0080B071 /* yang */;
			targetProxy = 60409F8C2DD9BC9F0080B071 /* PBXContainerItemProxy */;
		};
/* End PBXTargetDependency section */

/* Begin XCBuildConfiguration section */
		60409F932DD9BC9F0080B071 /* Debug */ = {
			isa = XCBuildConfiguration;
			buildSettings = {
				ALWAYS_SEARCH_USER_PATHS = NO;
				ASSETCATALOG_COMPILER_GENERATE_SWIFT_ASSET_SYMBOL_EXTENSIONS = YES;
				CLANG_ANALYZER_NONNULL = YES;
				CLANG_ANALYZER_NUMBER_OBJECT_CONVERSION = YES_AGGRESSIVE;
				CLANG_CXX_LANGUAGE_STANDARD = "gnu++20";
				CLANG_ENABLE_MODULES = YES;
				CLANG_ENABLE_OBJC_ARC = YES;
				CLANG_ENABLE_OBJC_WEAK = YES;
				CLANG_WARN_BLOCK_CAPTURE_AUTORELEASING = YES;
				CLANG_WARN_BOOL_CONVERSION = YES;
				CLANG_WARN_COMMA = YES;
				CLANG_WARN_CONSTANT_CONVERSION = YES;
				CLANG_WARN_DEPRECATED_OBJC_IMPLEMENTATIONS = YES;
				CLANG_WARN_DIRECT_OBJC_ISA_USAGE = YES_ERROR;
				CLANG_WARN_DOCUMENTATION_COMMENTS = YES;
				CLANG_WARN_EMPTY_BODY = YES;
				CLANG_WARN_ENUM_CONVERSION = YES;
				CLANG_WARN_INFINITE_RECURSION = YES;
				CLANG_WARN_INT_CONVERSION = YES;
				CLANG_WARN_NON_LITERAL_NULL_CONVERSION = YES;
				CLANG_WARN_OBJC_IMPLICIT_RETAIN_SELF = YES;
				CLANG_WARN_OBJC_LITERAL_CONVERSION = YES;
				CLANG_WARN_OBJC_ROOT_CLASS = YES_ERROR;
				CLANG_WARN_QUOTED_INCLUDE_IN_FRAMEWORK_HEADER = YES;
				CLANG_WARN_RANGE_LOOP_ANALYSIS = YES;
				CLANG_WARN_STRICT_PROTOTYPES = YES;
				CLANG_WARN_SUSPICIOUS_MOVE = YES;
				CLANG_WARN_UNGUARDED_AVAILABILITY = YES_AGGRESSIVE;
				CLANG_WARN_UNREACHABLE_CODE = YES;
				CLANG_WARN__DUPLICATE_METHOD_MATCH = YES;
				COPY_PHASE_STRIP = NO;
				DEBUG_INFORMATION_FORMAT = dwarf;
				ENABLE_STRICT_OBJC_MSGSEND = YES;
				ENABLE_TESTABILITY = YES;
				ENABLE_USER_SCRIPT_SANDBOXING = YES;
				GCC_C_LANGUAGE_STANDARD = gnu17;
				GCC_DYNAMIC_NO_PIC = NO;
				GCC_NO_COMMON_BLOCKS = YES;
				GCC_OPTIMIZATION_LEVEL = 0;
				GCC_PREPROCESSOR_DEFINITIONS = (
					"DEBUG=1",
					"$(inherited)",
				);
				GCC_WARN_64_TO_32_BIT_CONVERSION = YES;
				GCC_WARN_ABOUT_RETURN_TYPE = YES_ERROR;
				GCC_WARN_UNDECLARED_SELECTOR = YES;
				GCC_WARN_UNINITIALIZED_AUTOS = YES_AGGRESSIVE;
				GCC_WARN_UNUSED_FUNCTION = YES;
				GCC_WARN_UNUSED_VARIABLE = YES;
				IPHONEOS_DEPLOYMENT_TARGET = 18.4;
				LOCALIZATION_PREFERS_STRING_CATALOGS = YES;
				MTL_ENABLE_DEBUG_INFO = INCLUDE_SOURCE;
				MTL_FAST_MATH = YES;
				ONLY_ACTIVE_ARCH = YES;
				SDKROOT = iphoneos;
				SWIFT_ACTIVE_COMPILATION_CONDITIONS = "DEBUG $(inherited)";
				SWIFT_OPTIMIZATION_LEVEL = "-Onone";
			};
			name = Debug;
		};
		60409F942DD9BC9F0080B071 /* Release */ = {
			isa = XCBuildConfiguration;
			buildSettings = {
				ALWAYS_SEARCH_USER_PATHS = NO;
				ASSETCATALOG_COMPILER_GENERATE_SWIFT_ASSET_SYMBOL_EXTENSIONS = YES;
				CLANG_ANALYZER_NONNULL = YES;
				CLANG_ANALYZER_NUMBER_OBJECT_CONVERSION = YES_AGGRESSIVE;
				CLANG_CXX_LANGUAGE_STANDARD = "gnu++20";
				CLANG_ENABLE_MODULES = YES;
				CLANG_ENABLE_OBJC_ARC = YES;
				CLANG_ENABLE_OBJC_WEAK = YES;
				CLANG_WARN_BLOCK_CAPTURE_AUTORELEASING = YES;
				CLANG_WARN_BOOL_CONVERSION = YES;
				CLANG_WARN_COMMA = YES;
				CLANG_WARN_CONSTANT_CONVERSION = YES;
				CLANG_WARN_DEPRECATED_OBJC_IMPLEMENTATIONS = YES;
				CLANG_WARN_DIRECT_OBJC_ISA_USAGE = YES_ERROR;
				CLANG_WARN_DOCUMENTATION_COMMENTS = YES;
				CLANG_WARN_EMPTY_BODY = YES;
				CLANG_WARN_ENUM_CONVERSION = YES;
				CLANG_WARN_INFINITE_RECURSION = YES;
				CLANG_WARN_INT_CONVERSION = YES;
				CLANG_WARN_NON_LITERAL_NULL_CONVERSION = YES;
				CLANG_WARN_OBJC_IMPLICIT_RETAIN_SELF = YES;
				CLANG_WARN_OBJC_LITERAL_CONVERSION = YES;
				CLANG_WARN_OBJC_ROOT_CLASS = YES_ERROR;
				CLANG_WARN_QUOTED_INCLUDE_IN_FRAMEWORK_HEADER = YES;
				CLANG_WARN_RANGE_LOOP_ANALYSIS = YES;
				CLANG_WARN_STRICT_PROTOTYPES = YES;
				CLANG_WARN_SUSPICIOUS_MOVE = YES;
				CLANG_WARN_UNGUARDED_AVAILABILITY = YES_AGGRESSIVE;
				CLANG_WARN_UNREACHABLE_CODE = YES;
				CLANG_WARN__DUPLICATE_METHOD_MATCH = YES;
				COPY_PHASE_STRIP = NO;
				DEBUG_INFORMATION_FORMAT = "dwarf-with-dsym";
				ENABLE_NS_ASSERTIONS = NO;
				ENABLE_STRICT_OBJC_MSGSEND = YES;
				ENABLE_USER_SCRIPT_SANDBOXING = YES;
				GCC_C_LANGUAGE_STANDARD = gnu17;
				GCC_NO_COMMON_BLOCKS = YES;
				GCC_WARN_64_TO_32_BIT_CONVERSION = YES;
				GCC_WARN_ABOUT_RETURN_TYPE = YES_ERROR;
				GCC_WARN_UNDECLARED_SELECTOR = YES;
				GCC_WARN_UNINITIALIZED_AUTOS = YES_AGGRESSIVE;
				GCC_WARN_UNUSED_FUNCTION = YES;
				GCC_WARN_UNUSED_VARIABLE = YES;
				IPHONEOS_DEPLOYMENT_TARGET = 18.4;
				LOCALIZATION_PREFERS_STRING_CATALOGS = YES;
				MTL_ENABLE_DEBUG_INFO = NO;
				MTL_FAST_MATH = YES;
				SDKROOT = iphoneos;
				SWIFT_COMPILATION_MODE = wholemodule;
				VALIDATE_PRODUCT = YES;
			};
			name = Release;
		};
		60409F962DD9BC9F0080B071 /* Debug */ = {
			isa = XCBuildConfiguration;
			buildSettings = {
				ASSETCATALOG_COMPILER_APPICON_NAME = AppIcon;
				ASSETCATALOG_COMPILER_GLOBAL_ACCENT_COLOR_NAME = AccentColor;
				CODE_SIGN_STYLE = Automatic;
				CURRENT_PROJECT_VERSION = 1;
				ENABLE_PREVIEWS = YES;
				GENERATE_INFOPLIST_FILE = YES;
				INFOPLIST_FILE = yang/Info.plist;
				INFOPLIST_KEY_NSCameraUsageDescription = "카메라 접근 권한이 필요합니다";
				INFOPLIST_KEY_UIApplicationSceneManifest_Generation = YES;
				INFOPLIST_KEY_UIApplicationSupportsIndirectInputEvents = YES;
				INFOPLIST_KEY_UILaunchScreen_Generation = YES;
				INFOPLIST_KEY_UISupportedInterfaceOrientations_iPad = "UIInterfaceOrientationPortrait UIInterfaceOrientationPortraitUpsideDown UIInterfaceOrientationLandscapeLeft UIInterfaceOrientationLandscapeRight";
				INFOPLIST_KEY_UISupportedInterfaceOrientations_iPhone = "UIInterfaceOrientationPortrait UIInterfaceOrientationLandscapeLeft UIInterfaceOrientationLandscapeRight";
				LD_RUNPATH_SEARCH_PATHS = (
					"$(inherited)",
					"@executable_path/Frameworks",
				);
				MARKETING_VERSION = 1.0;
				PRODUCT_BUNDLE_IDENTIFIER = maeum.yang;
				PRODUCT_NAME = "$(TARGET_NAME)";
				SWIFT_EMIT_LOC_STRINGS = YES;
				SWIFT_VERSION = 5.0;
				TARGETED_DEVICE_FAMILY = "1,2";
			};
			name = Debug;
		};
		60409F972DD9BC9F0080B071 /* Release */ = {
			isa = XCBuildConfiguration;
			buildSettings = {
				ASSETCATALOG_COMPILER_APPICON_NAME = AppIcon;
				ASSETCATALOG_COMPILER_GLOBAL_ACCENT_COLOR_NAME = AccentColor;
				CODE_SIGN_STYLE = Automatic;
				CURRENT_PROJECT_VERSION = 1;
				ENABLE_PREVIEWS = YES;
				GENERATE_INFOPLIST_FILE = YES;
				INFOPLIST_FILE = yang/Info.plist;
				INFOPLIST_KEY_NSCameraUsageDescription = "카메라 접근 권한이 필요합니다";
				INFOPLIST_KEY_UIApplicationSceneManifest_Generation = YES;
				INFOPLIST_KEY_UIApplicationSupportsIndirectInputEvents = YES;
				INFOPLIST_KEY_UILaunchScreen_Generation = YES;
				INFOPLIST_KEY_UISupportedInterfaceOrientations_iPad = "UIInterfaceOrientationPortrait UIInterfaceOrientationPortraitUpsideDown UIInterfaceOrientationLandscapeLeft UIInterfaceOrientationLandscapeRight";
				INFOPLIST_KEY_UISupportedInterfaceOrientations_iPhone = "UIInterfaceOrientationPortrait UIInterfaceOrientationLandscapeLeft UIInterfaceOrientationLandscapeRight";
				LD_RUNPATH_SEARCH_PATHS = (
					"$(inherited)",
					"@executable_path/Frameworks",
				);
				MARKETING_VERSION = 1.0;
				PRODUCT_BUNDLE_IDENTIFIER = maeum.yang;
				PRODUCT_NAME = "$(TARGET_NAME)";
				SWIFT_EMIT_LOC_STRINGS = YES;
				SWIFT_VERSION = 5.0;
				TARGETED_DEVICE_FAMILY = "1,2";
			};
			name = Release;
		};
		60409F992DD9BC9F0080B071 /* Debug */ = {
			isa = XCBuildConfiguration;
			buildSettings = {
				BUNDLE_LOADER = "$(TEST_HOST)";
				CODE_SIGN_STYLE = Automatic;
				CURRENT_PROJECT_VERSION = 1;
				GENERATE_INFOPLIST_FILE = YES;
				IPHONEOS_DEPLOYMENT_TARGET = 18.4;
				MARKETING_VERSION = 1.0;
				PRODUCT_BUNDLE_IDENTIFIER = maeum.yangTests;
				PRODUCT_NAME = "$(TARGET_NAME)";
				SWIFT_EMIT_LOC_STRINGS = NO;
				SWIFT_VERSION = 5.0;
				TARGETED_DEVICE_FAMILY = "1,2";
				TEST_HOST = "$(BUILT_PRODUCTS_DIR)/yang.app/$(BUNDLE_EXECUTABLE_FOLDER_PATH)/yang";
			};
			name = Debug;
		};
		60409F9A2DD9BC9F0080B071 /* Release */ = {
			isa = XCBuildConfiguration;
			buildSettings = {
				BUNDLE_LOADER = "$(TEST_HOST)";
				CODE_SIGN_STYLE = Automatic;
				CURRENT_PROJECT_VERSION = 1;
				GENERATE_INFOPLIST_FILE = YES;
				IPHONEOS_DEPLOYMENT_TARGET = 18.4;
				MARKETING_VERSION = 1.0;
				PRODUCT_BUNDLE_IDENTIFIER = maeum.yangTests;
				PRODUCT_NAME = "$(TARGET_NAME)";
				SWIFT_EMIT_LOC_STRINGS = NO;
				SWIFT_VERSION = 5.0;
				TARGETED_DEVICE_FAMILY = "1,2";
				TEST_HOST = "$(BUILT_PRODUCTS_DIR)/yang.app/$(BUNDLE_EXECUTABLE_FOLDER_PATH)/yang";
			};
			name = Release;
		};
		60409F9C2DD9BC9F0080B071 /* Debug */ = {
			isa = XCBuildConfiguration;
			buildSettings = {
				CODE_SIGN_STYLE = Automatic;
				CURRENT_PROJECT_VERSION = 1;
				GENERATE_INFOPLIST_FILE = YES;
				MARKETING_VERSION = 1.0;
				PRODUCT_BUNDLE_IDENTIFIER = maeum.yangUITests;
				PRODUCT_NAME = "$(TARGET_NAME)";
				SWIFT_EMIT_LOC_STRINGS = NO;
				SWIFT_VERSION = 5.0;
				TARGETED_DEVICE_FAMILY = "1,2";
				TEST_TARGET_NAME = yang;
			};
			name = Debug;
		};
		60409F9D2DD9BC9F0080B071 /* Release */ = {
			isa = XCBuildConfiguration;
			buildSettings = {
				CODE_SIGN_STYLE = Automatic;
				CURRENT_PROJECT_VERSION = 1;
				GENERATE_INFOPLIST_FILE = YES;
				MARKETING_VERSION = 1.0;
				PRODUCT_BUNDLE_IDENTIFIER = maeum.yangUITests;
				PRODUCT_NAME = "$(TARGET_NAME)";
				SWIFT_EMIT_LOC_STRINGS = NO;
				SWIFT_VERSION = 5.0;
				TARGETED_DEVICE_FAMILY = "1,2";
				TEST_TARGET_NAME = yang;
			};
			name = Release;
		};
/* End XCBuildConfiguration section */

/* Begin XCConfigurationList section */
		60409F6F2DD9BC9C0080B071 /* Build configuration list for PBXProject "yang" */ = {
			isa = XCConfigurationList;
			buildConfigurations = (
				60409F932DD9BC9F0080B071 /* Debug */,
				60409F942DD9BC9F0080B071 /* Release */,
			);
			defaultConfigurationIsVisible = 0;
			defaultConfigurationName = Release;
		};
		60409F952DD9BC9F0080B071 /* Build configuration list for PBXNativeTarget "yang" */ = {
			isa = XCConfigurationList;
			buildConfigurations = (
				60409F962DD9BC9F0080B071 /* Debug */,
				60409F972DD9BC9F0080B071 /* Release */,
			);
			defaultConfigurationIsVisible = 0;
			defaultConfigurationName = Release;
		};
		60409F982DD9BC9F0080B071 /* Build configuration list for PBXNativeTarget "yangTests" */ = {
			isa = XCConfigurationList;
			buildConfigurations = (
				60409F992DD9BC9F0080B071 /* Debug */,
				60409F9A2DD9BC9F0080B071 /* Release */,
			);
			defaultConfigurationIsVisible = 0;
			defaultConfigurationName = Release;
		};
		60409F9B2DD9BC9F0080B071 /* Build configuration list for PBXNativeTarget "yangUITests" */ = {
			isa = XCConfigurationList;
			buildConfigurations = (
				60409F9C2DD9BC9F0080B071 /* Debug */,
				60409F9D2DD9BC9F0080B071 /* Release */,
			);
			defaultConfigurationIsVisible = 0;
			defaultConfigurationName = Release;
		};
/* End XCConfigurationList section */
	};
	rootObject = 60409F6C2DD9BC9C0080B071 /* Project object */;
}
